
Microsoft Visual Studio Solution File, Format Version 12.00
# Visual Studio Version 17
VisualStudioVersion = 17.5.33424.131
MinimumVisualStudioVersion = 10.0.40219.1
Project("{FAE04EC0-301F-11D3-BF4B-00C04F79EFBC}") = "Connect_DB", "Connect_DB\Connect_DB.csproj", "{E0A75A43-9DA4-4A5D-8CBF-79917883E4A9}"
EndProject
Global
	GlobalSection(SolutionConfigurationPlatforms) = preSolution
		Debug|Any CPU = Debug|Any CPU
		Release|Any CPU = Release|Any CPU
	EndGlobalSection
	GlobalSection(ProjectConfigurationPlatforms) = postSolution
		{E0A75A43-9DA4-4A5D-8CBF-79917883E4A9}.Debug|Any CPU.ActiveCfg = Debug|Any CPU
		{E0A75A43-9DA4-4A5D-8CBF-79917883E4A9}.Debug|Any CPU.Build.0 = Debug|Any CPU
		{E0A75A43-9DA4-4A5D-8CBF-79917883E4A9}.Release|Any CPU.ActiveCfg = Release|Any CPU
		{E0A75A43-9DA4-4A5D-8CBF-79917883E4A9}.Release|Any CPU.Build.0 = Release|Any CPU
	EndGlobalSection
	GlobalSection(SolutionProperties) = preSolution
		HideSolutionNode = FALSE
	EndGlobalSection
	GlobalSection(ExtensibilityGlobals) = postSolution
		SolutionGuid = {C4C5353F-B9F4-4585-B431-B1D2B0B8BC4C}
	EndGlobalSection
EndGlobal
